{
  "originHash" : "4d5b735fb4ce761349124a905586c7ffe2d7474b2b2a43b5c210bec311d7c12f",
  "pins" : [
    {
      "identity" : "swiftopenai",
      "kind" : "remoteSourceControl",
      "location" : "https://github.com/jamesrochabrun/SwiftOpenAI",
      "state" : {
        "revision" : "bc84564bd72d2adff9f9c3372dad3af827cb1d08",
        "version" : "3.8.1"
      }
    }
  ],
  "version" : 3
}
