// !$*UTF8*$!
{
	archiveVersion = 1;
	classes = {
	};
	objectVersion = 56;
	objects = {

/* Begin PBXBuildFile section */
		D762AD272CADE20300B256A4 /* SwiftOpenAI in Frameworks */ = {isa = PBXBuildFile; productRef = D762AD262CADE20300B256A4 /* SwiftOpenAI */; };
		D762AD292CADEDF700B256A4 /* .env in Resources */ = {isa = PBXBuildFile; fileRef = D762AD282CADEDF700B256A4 /* .env */; };
		D7F987862AF40FDA00CF3FA0 /* aiCodeQuizApp.swift in Sources */ = {isa = PBXBuildFile; fileRef = D7F987852AF40FDA00CF3FA0 /* aiCodeQuizApp.swift */; };
		D7F987882AF40FDA00CF3FA0 /* ContentView.swift in Sources */ = {isa = PBXBuildFile; fileRef = D7F987872AF40FDA00CF3FA0 /* ContentView.swift */; };
		D7F9878A2AF40FDC00CF3FA0 /* Assets.xcassets in Resources */ = {isa = PBXBuildFile; fileRef = D7F987892AF40FDC00CF3FA0 /* Assets.xcassets */; };
		D7F9878D2AF40FDC00CF3FA0 /* Preview Assets.xcassets in Resources */ = {isa = PBXBuildFile; fileRef = D7F9878C2AF40FDC00CF3FA0 /* Preview Assets.xcassets */; };
		D7F987942AF4133800CF3FA0 /* ViewModel.swift in Sources */ = {isa = PBXBuildFile; fileRef = D7F987932AF4133800CF3FA0 /* ViewModel.swift */; };
		D7F9879E2AF4869600CF3FA0 /* TopicView.swift in Sources */ = {isa = PBXBuildFile; fileRef = D7F9879D2AF4869600CF3FA0 /* TopicView.swift */; };
		D7F987A02AF5817200CF3FA0 /* Question.swift in Sources */ = {isa = PBXBuildFile; fileRef = D7F9879F2AF5817200CF3FA0 /* Question.swift */; };
		D7F987A22AF5F50000CF3FA0 /* QuestionView.swift in Sources */ = {isa = PBXBuildFile; fileRef = D7F987A12AF5F50000CF3FA0 /* QuestionView.swift */; };
		D7F987A42AF5F5C500CF3FA0 /* Topic.swift in Sources */ = {isa = PBXBuildFile; fileRef = D7F987A32AF5F5C500CF3FA0 /* Topic.swift */; };
		D7F987A62AF5FD7300CF3FA0 /* Answer.swift in Sources */ = {isa = PBXBuildFile; fileRef = D7F987A52AF5FD7300CF3FA0 /* Answer.swift */; };
/* End PBXBuildFile section */

/* Begin PBXFileReference section */
		D762AD282CADEDF700B256A4 /* .env */ = {isa = PBXFileReference; lastKnownFileType = text; path = .env; sourceTree = "<group>"; };
		D7F987822AF40FDA00CF3FA0 /* aiCodeQuiz.app */ = {isa = PBXFileReference; explicitFileType = wrapper.application; includeInIndex = 0; path = aiCodeQuiz.app; sourceTree = BUILT_PRODUCTS_DIR; };
		D7F987852AF40FDA00CF3FA0 /* aiCodeQuizApp.swift */ = {isa = PBXFileReference; lastKnownFileType = sourcecode.swift; path = aiCodeQuizApp.swift; sourceTree = "<group>"; };
		D7F987872AF40FDA00CF3FA0 /* ContentView.swift */ = {isa = PBXFileReference; lastKnownFileType = sourcecode.swift; path = ContentView.swift; sourceTree = "<group>"; };
		D7F987892AF40FDC00CF3FA0 /* Assets.xcassets */ = {isa = PBXFileReference; lastKnownFileType = folder.assetcatalog; path = Assets.xcassets; sourceTree = "<group>"; };
		D7F9878C2AF40FDC00CF3FA0 /* Preview Assets.xcassets */ = {isa = PBXFileReference; lastKnownFileType = folder.assetcatalog; path = "Preview Assets.xcassets"; sourceTree = "<group>"; };
		D7F987932AF4133800CF3FA0 /* ViewModel.swift */ = {isa = PBXFileReference; lastKnownFileType = sourcecode.swift; path = ViewModel.swift; sourceTree = "<group>"; };
		D7F9879D2AF4869600CF3FA0 /* TopicView.swift */ = {isa = PBXFileReference; lastKnownFileType = sourcecode.swift; path = TopicView.swift; sourceTree = "<group>"; };
		D7F9879F2AF5817200CF3FA0 /* Question.swift */ = {isa = PBXFileReference; lastKnownFileType = sourcecode.swift; path = Question.swift; sourceTree = "<group>"; };
		D7F987A12AF5F50000CF3FA0 /* QuestionView.swift */ = {isa = PBXFileReference; lastKnownFileType = sourcecode.swift; path = QuestionView.swift; sourceTree = "<group>"; };
		D7F987A32AF5F5C500CF3FA0 /* Topic.swift */ = {isa = PBXFileReference; lastKnownFileType = sourcecode.swift; path = Topic.swift; sourceTree = "<group>"; };
		D7F987A52AF5FD7300CF3FA0 /* Answer.swift */ = {isa = PBXFileReference; lastKnownFileType = sourcecode.swift; path = Answer.swift; sourceTree = "<group>"; };
/* End PBXFileReference section */

/* Begin PBXFrameworksBuildPhase section */
		D7F9877F2AF40FDA00CF3FA0 /* Frameworks */ = {
			isa = PBXFrameworksBuildPhase;
			buildActionMask = 2147483647;
			files = (
				D762AD272CADE20300B256A4 /* SwiftOpenAI in Frameworks */,
			);
			runOnlyForDeploymentPostprocessing = 0;
		};
/* End PBXFrameworksBuildPhase section */

/* Begin PBXGroup section */
		D70B8AAE2CADC06500BF8CA7 /* Frameworks */ = {
			isa = PBXGroup;
			children = (
			);
			name = Frameworks;
			sourceTree = "<group>";
		};
		D7F987792AF40FDA00CF3FA0 = {
			isa = PBXGroup;
			children = (
				D762AD282CADEDF700B256A4 /* .env */,
				D7F987842AF40FDA00CF3FA0 /* aiCodeQuiz */,
				D7F987832AF40FDA00CF3FA0 /* Products */,
				D70B8AAE2CADC06500BF8CA7 /* Frameworks */,
			);
			sourceTree = "<group>";
		};
		D7F987832AF40FDA00CF3FA0 /* Products */ = {
			isa = PBXGroup;
			children = (
				D7F987822AF40FDA00CF3FA0 /* aiCodeQuiz.app */,
			);
			name = Products;
			sourceTree = "<group>";
		};
		D7F987842AF40FDA00CF3FA0 /* aiCodeQuiz */ = {
			isa = PBXGroup;
			children = (
				D7F987852AF40FDA00CF3FA0 /* aiCodeQuizApp.swift */,
				D7F987A32AF5F5C500CF3FA0 /* Topic.swift */,
				D7F9879F2AF5817200CF3FA0 /* Question.swift */,
				D7F987A52AF5FD7300CF3FA0 /* Answer.swift */,
				D7F987932AF4133800CF3FA0 /* ViewModel.swift */,
				D7F9879D2AF4869600CF3FA0 /* TopicView.swift */,
				D7F987A12AF5F50000CF3FA0 /* QuestionView.swift */,
				D7F987872AF40FDA00CF3FA0 /* ContentView.swift */,
				D7F987892AF40FDC00CF3FA0 /* Assets.xcassets */,
				D7F9878B2AF40FDC00CF3FA0 /* Preview Content */,
			);
			path = aiCodeQuiz;
			sourceTree = "<group>";
		};
		D7F9878B2AF40FDC00CF3FA0 /* Preview Content */ = {
			isa = PBXGroup;
			children = (
				D7F9878C2AF40FDC00CF3FA0 /* Preview Assets.xcassets */,
			);
			path = "Preview Content";
			sourceTree = "<group>";
		};
/* End PBXGroup section */

/* Begin PBXNativeTarget section */
		D7F987812AF40FDA00CF3FA0 /* aiCodeQuiz */ = {
			isa = PBXNativeTarget;
			buildConfigurationList = D7F987902AF40FDC00CF3FA0 /* Build configuration list for PBXNativeTarget "aiCodeQuiz" */;
			buildPhases = (
				D7F9877E2AF40FDA00CF3FA0 /* Sources */,
				D7F9877F2AF40FDA00CF3FA0 /* Frameworks */,
				D7F987802AF40FDA00CF3FA0 /* Resources */,
			);
			buildRules = (
			);
			dependencies = (
			);
			name = aiCodeQuiz;
			packageProductDependencies = (
				D762AD262CADE20300B256A4 /* SwiftOpenAI */,
			);
			productName = aiCodeQuiz;
			productReference = D7F987822AF40FDA00CF3FA0 /* aiCodeQuiz.app */;
			productType = "com.apple.product-type.application";
		};
/* End PBXNativeTarget section */

/* Begin PBXProject section */
		D7F9877A2AF40FDA00CF3FA0 /* Project object */ = {
			isa = PBXProject;
			attributes = {
				BuildIndependentTargetsInParallel = 1;
				LastSwiftUpdateCheck = 1500;
				LastUpgradeCheck = 1500;
				TargetAttributes = {
					D7F987812AF40FDA00CF3FA0 = {
						CreatedOnToolsVersion = 15.0;
					};
				};
			};
			buildConfigurationList = D7F9877D2AF40FDA00CF3FA0 /* Build configuration list for PBXProject "aiCodeQuiz" */;
			compatibilityVersion = "Xcode 14.0";
			developmentRegion = en;
			hasScannedForEncodings = 0;
			knownRegions = (
				en,
				Base,
			);
			mainGroup = D7F987792AF40FDA00CF3FA0;
			packageReferences = (
				D762AD252CADE20300B256A4 /* XCRemoteSwiftPackageReference "SwiftOpenAI" */,
			);
			productRefGroup = D7F987832AF40FDA00CF3FA0 /* Products */;
			projectDirPath = "";
			projectRoot = "";
			targets = (
				D7F987812AF40FDA00CF3FA0 /* aiCodeQuiz */,
			);
		};
/* End PBXProject section */

/* Begin PBXResourcesBuildPhase section */
		D7F987802AF40FDA00CF3FA0 /* Resources */ = {
			isa = PBXResourcesBuildPhase;
			buildActionMask = 2147483647;
			files = (
				D762AD292CADEDF700B256A4 /* .env in Resources */,
				D7F9878D2AF40FDC00CF3FA0 /* Preview Assets.xcassets in Resources */,
				D7F9878A2AF40FDC00CF3FA0 /* Assets.xcassets in Resources */,
			);
			runOnlyForDeploymentPostprocessing = 0;
		};
/* End PBXResourcesBuildPhase section */

/* Begin PBXSourcesBuildPhase section */
		D7F9877E2AF40FDA00CF3FA0 /* Sources */ = {
			isa = PBXSourcesBuildPhase;
			buildActionMask = 2147483647;
			files = (
				D7F9879E2AF4869600CF3FA0 /* TopicView.swift in Sources */,
				D7F987882AF40FDA00CF3FA0 /* ContentView.swift in Sources */,
				D7F987942AF4133800CF3FA0 /* ViewModel.swift in Sources */,
				D7F987862AF40FDA00CF3FA0 /* aiCodeQuizApp.swift in Sources */,
				D7F987A22AF5F50000CF3FA0 /* QuestionView.swift in Sources */,
				D7F987A02AF5817200CF3FA0 /* Question.swift in Sources */,
				D7F987A42AF5F5C500CF3FA0 /* Topic.swift in Sources */,
				D7F987A62AF5FD7300CF3FA0 /* Answer.swift in Sources */,
			);
			runOnlyForDeploymentPostprocessing = 0;
		};
/* End PBXSourcesBuildPhase section */

/* Begin XCBuildConfiguration section */
		D7F9878E2AF40FDC00CF3FA0 /* Debug */ = {
			isa = XCBuildConfiguration;
			buildSettings = {
				ALWAYS_SEARCH_USER_PATHS = NO;
				ASSETCATALOG_COMPILER_GENERATE_SWIFT_ASSET_SYMBOL_EXTENSIONS = YES;
				CLANG_ANALYZER_NONNULL = YES;
				CLANG_ANALYZER_NUMBER_OBJECT_CONVERSION = YES_AGGRESSIVE;
				CLANG_CXX_LANGUAGE_STANDARD = "gnu++20";
				CLANG_ENABLE_MODULES = YES;
				CLANG_ENABLE_OBJC_ARC = YES;
				CLANG_ENABLE_OBJC_WEAK = YES;
				CLANG_WARN_BLOCK_CAPTURE_AUTORELEASING = YES;
				CLANG_WARN_BOOL_CONVERSION = YES;
				CLANG_WARN_COMMA = YES;
				CLANG_WARN_CONSTANT_CONVERSION = YES;
				CLANG_WARN_DEPRECATED_OBJC_IMPLEMENTATIONS = YES;
				CLANG_WARN_DIRECT_OBJC_ISA_USAGE = YES_ERROR;
				CLANG_WARN_DOCUMENTATION_COMMENTS = YES;
				CLANG_WARN_EMPTY_BODY = YES;
				CLANG_WARN_ENUM_CONVERSION = YES;
				CLANG_WARN_INFINITE_RECURSION = YES;
				CLANG_WARN_INT_CONVERSION = YES;
				CLANG_WARN_NON_LITERAL_NULL_CONVERSION = YES;
				CLANG_WARN_OBJC_IMPLICIT_RETAIN_SELF = YES;
				CLANG_WARN_OBJC_LITERAL_CONVERSION = YES;
				CLANG_WARN_OBJC_ROOT_CLASS = YES_ERROR;
				CLANG_WARN_QUOTED_INCLUDE_IN_FRAMEWORK_HEADER = YES;
				CLANG_WARN_RANGE_LOOP_ANALYSIS = YES;
				CLANG_WARN_STRICT_PROTOTYPES = YES;
				CLANG_WARN_SUSPICIOUS_MOVE = YES;
				CLANG_WARN_UNGUARDED_AVAILABILITY = YES_AGGRESSIVE;
				CLANG_WARN_UNREACHABLE_CODE = YES;
				CLANG_WARN__DUPLICATE_METHOD_MATCH = YES;
				COPY_PHASE_STRIP = NO;
				DEBUG_INFORMATION_FORMAT = dwarf;
				ENABLE_STRICT_OBJC_MSGSEND = YES;
				ENABLE_TESTABILITY = YES;
				ENABLE_USER_SCRIPT_SANDBOXING = YES;
				GCC_C_LANGUAGE_STANDARD = gnu17;
				GCC_DYNAMIC_NO_PIC = NO;
				GCC_NO_COMMON_BLOCKS = YES;
				GCC_OPTIMIZATION_LEVEL = 0;
				GCC_PREPROCESSOR_DEFINITIONS = (
					"DEBUG=1",
					"$(inherited)",
				);
				GCC_WARN_64_TO_32_BIT_CONVERSION = YES;
				GCC_WARN_ABOUT_RETURN_TYPE = YES_ERROR;
				GCC_WARN_UNDECLARED_SELECTOR = YES;
				GCC_WARN_UNINITIALIZED_AUTOS = YES_AGGRESSIVE;
				GCC_WARN_UNUSED_FUNCTION = YES;
				GCC_WARN_UNUSED_VARIABLE = YES;
				IPHONEOS_DEPLOYMENT_TARGET = 17.0;
				LOCALIZATION_PREFERS_STRING_CATALOGS = YES;
				MTL_ENABLE_DEBUG_INFO = INCLUDE_SOURCE;
				MTL_FAST_MATH = YES;
				ONLY_ACTIVE_ARCH = YES;
				SDKROOT = iphoneos;
				SWIFT_ACTIVE_COMPILATION_CONDITIONS = "DEBUG $(inherited)";
				SWIFT_OPTIMIZATION_LEVEL = "-Onone";
			};
			name = Debug;
		};
		D7F9878F2AF40FDC00CF3FA0 /* Release */ = {
			isa = XCBuildConfiguration;
			buildSettings = {
				ALWAYS_SEARCH_USER_PATHS = NO;
				ASSETCATALOG_COMPILER_GENERATE_SWIFT_ASSET_SYMBOL_EXTENSIONS = YES;
				CLANG_ANALYZER_NONNULL = YES;
				CLANG_ANALYZER_NUMBER_OBJECT_CONVERSION = YES_AGGRESSIVE;
				CLANG_CXX_LANGUAGE_STANDARD = "gnu++20";
				CLANG_ENABLE_MODULES = YES;
				CLANG_ENABLE_OBJC_ARC = YES;
				CLANG_ENABLE_OBJC_WEAK = YES;
				CLANG_WARN_BLOCK_CAPTURE_AUTORELEASING = YES;
				CLANG_WARN_BOOL_CONVERSION = YES;
				CLANG_WARN_COMMA = YES;
				CLANG_WARN_CONSTANT_CONVERSION = YES;
				CLANG_WARN_DEPRECATED_OBJC_IMPLEMENTATIONS = YES;
				CLANG_WARN_DIRECT_OBJC_ISA_USAGE = YES_ERROR;
				CLANG_WARN_DOCUMENTATION_COMMENTS = YES;
				CLANG_WARN_EMPTY_BODY = YES;
				CLANG_WARN_ENUM_CONVERSION = YES;
				CLANG_WARN_INFINITE_RECURSION = YES;
				CLANG_WARN_INT_CONVERSION = YES;
				CLANG_WARN_NON_LITERAL_NULL_CONVERSION = YES;
				CLANG_WARN_OBJC_IMPLICIT_RETAIN_SELF = YES;
				CLANG_WARN_OBJC_LITERAL_CONVERSION = YES;
				CLANG_WARN_OBJC_ROOT_CLASS = YES_ERROR;
				CLANG_WARN_QUOTED_INCLUDE_IN_FRAMEWORK_HEADER = YES;
				CLANG_WARN_RANGE_LOOP_ANALYSIS = YES;
				CLANG_WARN_STRICT_PROTOTYPES = YES;
				CLANG_WARN_SUSPICIOUS_MOVE = YES;
				CLANG_WARN_UNGUARDED_AVAILABILITY = YES_AGGRESSIVE;
				CLANG_WARN_UNREACHABLE_CODE = YES;
				CLANG_WARN__DUPLICATE_METHOD_MATCH = YES;
				COPY_PHASE_STRIP = NO;
				DEBUG_INFORMATION_FORMAT = "dwarf-with-dsym";
				ENABLE_NS_ASSERTIONS = NO;
				ENABLE_STRICT_OBJC_MSGSEND = YES;
				ENABLE_USER_SCRIPT_SANDBOXING = YES;
				GCC_C_LANGUAGE_STANDARD = gnu17;
				GCC_NO_COMMON_BLOCKS = YES;
				GCC_WARN_64_TO_32_BIT_CONVERSION = YES;
				GCC_WARN_ABOUT_RETURN_TYPE = YES_ERROR;
				GCC_WARN_UNDECLARED_SELECTOR = YES;
				GCC_WARN_UNINITIALIZED_AUTOS = YES_AGGRESSIVE;
				GCC_WARN_UNUSED_FUNCTION = YES;
				GCC_WARN_UNUSED_VARIABLE = YES;
				IPHONEOS_DEPLOYMENT_TARGET = 17.0;
				LOCALIZATION_PREFERS_STRING_CATALOGS = YES;
				MTL_ENABLE_DEBUG_INFO = NO;
				MTL_FAST_MATH = YES;
				SDKROOT = iphoneos;
				SWIFT_COMPILATION_MODE = wholemodule;
				VALIDATE_PRODUCT = YES;
			};
			name = Release;
		};
		D7F987912AF40FDC00CF3FA0 /* Debug */ = {
			isa = XCBuildConfiguration;
			buildSettings = {
				ASSETCATALOG_COMPILER_APPICON_NAME = AppIcon;
				ASSETCATALOG_COMPILER_GLOBAL_ACCENT_COLOR_NAME = AccentColor;
				CODE_SIGN_STYLE = Automatic;
				CURRENT_PROJECT_VERSION = 1;
				DEVELOPMENT_ASSET_PATHS = "\"aiCodeQuiz/Preview Content\"";
				DEVELOPMENT_TEAM = C79NGLLA9C;
				ENABLE_PREVIEWS = YES;
				GENERATE_INFOPLIST_FILE = YES;
				INFOPLIST_KEY_UIApplicationSceneManifest_Generation = YES;
				INFOPLIST_KEY_UIApplicationSupportsIndirectInputEvents = YES;
				INFOPLIST_KEY_UILaunchScreen_Generation = YES;
				INFOPLIST_KEY_UISupportedInterfaceOrientations_iPad = "UIInterfaceOrientationPortrait UIInterfaceOrientationPortraitUpsideDown UIInterfaceOrientationLandscapeLeft UIInterfaceOrientationLandscapeRight";
				INFOPLIST_KEY_UISupportedInterfaceOrientations_iPhone = "UIInterfaceOrientationPortrait UIInterfaceOrientationLandscapeLeft UIInterfaceOrientationLandscapeRight";
				LD_RUNPATH_SEARCH_PATHS = (
					"$(inherited)",
					"@executable_path/Frameworks",
				);
				MARKETING_VERSION = 1.0;
				PRODUCT_BUNDLE_IDENTIFIER = trevorclute.aiCodeQuiz;
				PRODUCT_NAME = "$(TARGET_NAME)";
				SWIFT_EMIT_LOC_STRINGS = YES;
				SWIFT_VERSION = 5.0;
				TARGETED_DEVICE_FAMILY = "1,2";
			};
			name = Debug;
		};
		D7F987922AF40FDC00CF3FA0 /* Release */ = {
			isa = XCBuildConfiguration;
			buildSettings = {
				ASSETCATALOG_COMPILER_APPICON_NAME = AppIcon;
				ASSETCATALOG_COMPILER_GLOBAL_ACCENT_COLOR_NAME = AccentColor;
				CODE_SIGN_STYLE = Automatic;
				CURRENT_PROJECT_VERSION = 1;
				DEVELOPMENT_ASSET_PATHS = "\"aiCodeQuiz/Preview Content\"";
				DEVELOPMENT_TEAM = C79NGLLA9C;
				ENABLE_PREVIEWS = YES;
				GENERATE_INFOPLIST_FILE = YES;
				INFOPLIST_KEY_UIApplicationSceneManifest_Generation = YES;
				INFOPLIST_KEY_UIApplicationSupportsIndirectInputEvents = YES;
				INFOPLIST_KEY_UILaunchScreen_Generation = YES;
				INFOPLIST_KEY_UISupportedInterfaceOrientations_iPad = "UIInterfaceOrientationPortrait UIInterfaceOrientationPortraitUpsideDown UIInterfaceOrientationLandscapeLeft UIInterfaceOrientationLandscapeRight";
				INFOPLIST_KEY_UISupportedInterfaceOrientations_iPhone = "UIInterfaceOrientationPortrait UIInterfaceOrientationLandscapeLeft UIInterfaceOrientationLandscapeRight";
				LD_RUNPATH_SEARCH_PATHS = (
					"$(inherited)",
					"@executable_path/Frameworks",
				);
				MARKETING_VERSION = 1.0;
				PRODUCT_BUNDLE_IDENTIFIER = trevorclute.aiCodeQuiz;
				PRODUCT_NAME = "$(TARGET_NAME)";
				SWIFT_EMIT_LOC_STRINGS = YES;
				SWIFT_VERSION = 5.0;
				TARGETED_DEVICE_FAMILY = "1,2";
			};
			name = Release;
		};
/* End XCBuildConfiguration section */

/* Begin XCConfigurationList section */
		D7F9877D2AF40FDA00CF3FA0 /* Build configuration list for PBXProject "aiCodeQuiz" */ = {
			isa = XCConfigurationList;
			buildConfigurations = (
				D7F9878E2AF40FDC00CF3FA0 /* Debug */,
				D7F9878F2AF40FDC00CF3FA0 /* Release */,
			);
			defaultConfigurationIsVisible = 0;
			defaultConfigurationName = Release;
		};
		D7F987902AF40FDC00CF3FA0 /* Build configuration list for PBXNativeTarget "aiCodeQuiz" */ = {
			isa = XCConfigurationList;
			buildConfigurations = (
				D7F987912AF40FDC00CF3FA0 /* Debug */,
				D7F987922AF40FDC00CF3FA0 /* Release */,
			);
			defaultConfigurationIsVisible = 0;
			defaultConfigurationName = Release;
		};
/* End XCConfigurationList section */

/* Begin XCRemoteSwiftPackageReference section */
		D762AD252CADE20300B256A4 /* XCRemoteSwiftPackageReference "SwiftOpenAI" */ = {
			isa = XCRemoteSwiftPackageReference;
			repositoryURL = "https://github.com/jamesrochabrun/SwiftOpenAI";
			requirement = {
				kind = exactVersion;
				version = 3.8.1;
			};
		};
/* End XCRemoteSwiftPackageReference section */

/* Begin XCSwiftPackageProductDependency section */
		D762AD262CADE20300B256A4 /* SwiftOpenAI */ = {
			isa = XCSwiftPackageProductDependency;
			package = D762AD252CADE20300B256A4 /* XCRemoteSwiftPackageReference "SwiftOpenAI" */;
			productName = SwiftOpenAI;
		};
/* End XCSwiftPackageProductDependency section */
	};
	rootObject = D7F9877A2AF40FDA00CF3FA0 /* Project object */;
}
